
Microsoft Visual Studio Solution File, Format Version 12.00
# Visual Studio Version 17
VisualStudioVersion = 17.0.31919.166
MinimumVisualStudioVersion = 10.0.40219.1
Project("{FAE04EC0-301F-11D3-BF4B-00C04F79EFBC}") = "Demo.Api", "Demo.Api\Demo.Api.csproj", "{8BEFDD26-A20B-40BF-AD3E-224F06080B23}"
EndProject
Global
	GlobalSection(SolutionConfigurationPlatforms) = preSolution
		Debug|Any CPU = Debug|Any CPU
		Release|Any CPU = Release|Any CPU
	EndGlobalSection
	GlobalSection(ProjectConfigurationPlatforms) = postSolution
		{8BEFDD26-A20B-40BF-AD3E-224F06080B23}.Debug|Any CPU.ActiveCfg = Debug|Any CPU
		{8BEFDD26-A20B-40BF-AD3E-224F06080B23}.Debug|Any CPU.Build.0 = Debug|Any CPU
		{8BEFDD26-A20B-40BF-AD3E-224F06080B23}.Release|Any CPU.ActiveCfg = Release|Any CPU
		{8BEFDD26-A20B-40BF-AD3E-224F06080B23}.Release|Any CPU.Build.0 = Release|Any CPU
	EndGlobalSection
	GlobalSection(SolutionProperties) = preSolution
		HideSolutionNode = FALSE
	EndGlobalSection
	GlobalSection(ExtensibilityGlobals) = postSolution
		SolutionGuid = {94F882DA-77CC-467D-8D57-8C01677B9209}
	EndGlobalSection
EndGlobal
